
Microsoft Visual Studio Solution File, Format Version 12.00
# Visual Studio Version 16
VisualStudioVersion = 16.0.32228.343
MinimumVisualStudioVersion = 10.0.40219.1
Project("{FAE04EC0-301F-11D3-BF4B-00C04F79EFBC}") = "JqueryDataTable", "JqueryDataTable\JqueryDataTable.csproj", "{3CF50915-DC7F-44E7-BD05-41C9917718DB}"
EndProject
Global
	GlobalSection(SolutionConfigurationPlatforms) = preSolution
		Debug|Any CPU = Debug|Any CPU
		Release|Any CPU = Release|Any CPU
	EndGlobalSection
	GlobalSection(ProjectConfigurationPlatforms) = postSolution
		{3CF50915-DC7F-44E7-BD05-41C9917718DB}.Debug|Any CPU.ActiveCfg = Debug|Any CPU
		{3CF50915-DC7F-44E7-BD05-41C9917718DB}.Debug|Any CPU.Build.0 = Debug|Any CPU
		{3CF50915-DC7F-44E7-BD05-41C9917718DB}.Release|Any CPU.ActiveCfg = Release|Any CPU
		{3CF50915-DC7F-44E7-BD05-41C9917718DB}.Release|Any CPU.Build.0 = Release|Any CPU
	EndGlobalSection
	GlobalSection(SolutionProperties) = preSolution
		HideSolutionNode = FALSE
	EndGlobalSection
	GlobalSection(ExtensibilityGlobals) = postSolution
		SolutionGuid = {990FFE2A-C1CA-4614-B7AE-5B1EC88B1B40}
	EndGlobalSection
EndGlobal
